
Microsoft Visual Studio Solution File, Format Version 12.00
# Visual Studio 15
VisualStudioVersion = 15.0.26430.14
MinimumVisualStudioVersion = 10.0.40219.1
Project("{6989167D-11E4-40FE-8C1A-2192A86A7E90}") = "matrix-handler-vs", "matrix-handler-vs\matrix-handler-vs.vfproj", "{6E758361-0189-410E-9378-91F6A583150A}"
EndProject
Global
	GlobalSection(SolutionConfigurationPlatforms) = preSolution
		Debug|x86 = Debug|x86
		Release|x86 = Release|x86
	EndGlobalSection
	GlobalSection(ProjectConfigurationPlatforms) = postSolution
		{6E758361-0189-410E-9378-91F6A583150A}.Debug|x86.ActiveCfg = Debug|Win32
		{6E758361-0189-410E-9378-91F6A583150A}.Debug|x86.Build.0 = Debug|Win32
		{6E758361-0189-410E-9378-91F6A583150A}.Release|x86.ActiveCfg = Release|Win32
		{6E758361-0189-410E-9378-91F6A583150A}.Release|x86.Build.0 = Release|Win32
	EndGlobalSection
	GlobalSection(SolutionProperties) = preSolution
		HideSolutionNode = FALSE
	EndGlobalSection
EndGlobal
